
Microsoft Visual Studio Solution File, Format Version 12.00
# Visual Studio Version 17
VisualStudioVersion = 17.2.32630.192
MinimumVisualStudioVersion = 10.0.40219.1
Project("{9A19103F-16F7-4668-BE54-9A1E7A4F7556}") = "CrazyBooks_Web", "CrazyBooks_Web\CrazyBooks_Web.csproj", "{8969F58C-3459-4BDD-8B09-8C3A532DB29D}"
	ProjectSection(ProjectDependencies) = postProject
		{1C804E59-08CA-4FA4-9F4F-A92C8B7C27CE} = {1C804E59-08CA-4FA4-9F4F-A92C8B7C27CE}
	EndProjectSection
EndProject
Project("{FAE04EC0-301F-11D3-BF4B-00C04F79EFBC}") = "CrazyBooks_Model", "CrazyBooks_Model\CrazyBooks_Model.csproj", "{1C804E59-08CA-4FA4-9F4F-A92C8B7C27CE}"
EndProject
Project("{FAE04EC0-301F-11D3-BF4B-00C04F79EFBC}") = "CrazyBooks_DataAccess", "CrazyBook_DataAccess\CrazyBooks_DataAccess.csproj", "{FE50AB22-1E72-4BB7-8797-7C6B122DC480}"
EndProject
Global
	GlobalSection(SolutionConfigurationPlatforms) = preSolution
		Debug|Any CPU = Debug|Any CPU
		Release|Any CPU = Release|Any CPU
	EndGlobalSection
	GlobalSection(ProjectConfigurationPlatforms) = postSolution
		{8969F58C-3459-4BDD-8B09-8C3A532DB29D}.Debug|Any CPU.ActiveCfg = Debug|Any CPU
		{8969F58C-3459-4BDD-8B09-8C3A532DB29D}.Debug|Any CPU.Build.0 = Debug|Any CPU
		{8969F58C-3459-4BDD-8B09-8C3A532DB29D}.Release|Any CPU.ActiveCfg = Release|Any CPU
		{8969F58C-3459-4BDD-8B09-8C3A532DB29D}.Release|Any CPU.Build.0 = Release|Any CPU
		{1C804E59-08CA-4FA4-9F4F-A92C8B7C27CE}.Debug|Any CPU.ActiveCfg = Debug|Any CPU
		{1C804E59-08CA-4FA4-9F4F-A92C8B7C27CE}.Debug|Any CPU.Build.0 = Debug|Any CPU
		{1C804E59-08CA-4FA4-9F4F-A92C8B7C27CE}.Release|Any CPU.ActiveCfg = Release|Any CPU
		{1C804E59-08CA-4FA4-9F4F-A92C8B7C27CE}.Release|Any CPU.Build.0 = Release|Any CPU
		{FE50AB22-1E72-4BB7-8797-7C6B122DC480}.Debug|Any CPU.ActiveCfg = Debug|Any CPU
		{FE50AB22-1E72-4BB7-8797-7C6B122DC480}.Debug|Any CPU.Build.0 = Debug|Any CPU
		{FE50AB22-1E72-4BB7-8797-7C6B122DC480}.Release|Any CPU.ActiveCfg = Release|Any CPU
		{FE50AB22-1E72-4BB7-8797-7C6B122DC480}.Release|Any CPU.Build.0 = Release|Any CPU
	EndGlobalSection
	GlobalSection(SolutionProperties) = preSolution
		HideSolutionNode = FALSE
	EndGlobalSection
	GlobalSection(ExtensibilityGlobals) = postSolution
		SolutionGuid = {455F7DD0-8D7A-4DD5-9D01-03673D317E25}
	EndGlobalSection
EndGlobal
